{
    "version": 3,
    "terraform_version": "0.11.11",
    "serial": 85,
    "lineage": "562383cb-ea47-f35b-3b8f-4787e7d6af3f",
    "modules": [
        {
            "path": [
                "root"
            ],
            "outputs": {
                "public_dns": {
                    "sensitive": false,
                    "type": "string",
                    "value": "tfawsdemo1-900500128.us-east-2.elb.amazonaws.com:8080"
                }
            },
            "resources": {
                "aws_autoscaling_group.tf_aws_demo_1": {
                    "type": "aws_autoscaling_group",
                    "depends_on": [
                        "aws_elb.tf_aws_demo_1",
                        "aws_launch_configuration.tf_aws_demo_1",
                        "data.aws_availability_zones.all"
                    ],
                    "primary": {
                        "id": "tf-asg-20190322140938206100000002",
                        "attributes": {
                            "arn": "arn:aws:autoscaling:us-east-2:551474419440:autoScalingGroup:5440bae1-cd51-4d40-8840-e60c1d3ce013:autoScalingGroupName/tf-asg-20190322140938206100000002",
                            "availability_zones.#": "3",
                            "availability_zones.1726430690": "us-east-2b",
                            "availability_zones.299896180": "us-east-2c",
                            "availability_zones.4293815384": "us-east-2a",
                            "default_cooldown": "300",
                            "desired_capacity": "2",
                            "enabled_metrics.#": "0",
                            "force_delete": "false",
                            "health_check_grace_period": "300",
                            "health_check_type": "ELB",
                            "id": "tf-asg-20190322140938206100000002",
                            "launch_configuration": "terraform-20190322140929010100000001",
                            "launch_template.#": "0",
                            "load_balancers.#": "1",
                            "load_balancers.412581320": "tfawsdemo1",
                            "max_size": "10",
                            "metrics_granularity": "1Minute",
                            "min_size": "2",
                            "mixed_instances_policy.#": "0",
                            "name": "tf-asg-20190322140938206100000002",
                            "placement_group": "",
                            "protect_from_scale_in": "false",
                            "service_linked_role_arn": "arn:aws:iam::551474419440:role/aws-service-role/autoscaling.amazonaws.com/AWSServiceRoleForAutoScaling",
                            "suspended_processes.#": "0",
                            "tag.#": "1",
                            "tag.2583060646.key": "Name",
                            "tag.2583060646.propagate_at_launch": "true",
                            "tag.2583060646.value": "tf_aws_demo_1",
                            "target_group_arns.#": "0",
                            "termination_policies.#": "0",
                            "vpc_zone_identifier.#": "0",
                            "wait_for_capacity_timeout": "10m"
                        },
                        "meta": {
                            "e2bfb730-ecaa-11e6-8f88-34363bc7c4c0": {
                                "delete": 600000000000
                            }
                        },
                        "tainted": false
                    },
                    "deposed": [],
                    "provider": "provider.aws"
                },
                "aws_elb.tf_aws_demo_1": {
                    "type": "aws_elb",
                    "depends_on": [
                        "aws_security_group.tf_aws_demo_1",
                        "data.aws_availability_zones.all"
                    ],
                    "primary": {
                        "id": "tfawsdemo1",
                        "attributes": {
                            "access_logs.#": "0",
                            "arn": "arn:aws:elasticloadbalancing:us-east-2:551474419440:loadbalancer/tfawsdemo1",
                            "availability_zones.#": "3",
                            "availability_zones.1726430690": "us-east-2b",
                            "availability_zones.299896180": "us-east-2c",
                            "availability_zones.4293815384": "us-east-2a",
                            "connection_draining": "false",
                            "connection_draining_timeout": "300",
                            "cross_zone_load_balancing": "true",
                            "dns_name": "tfawsdemo1-900500128.us-east-2.elb.amazonaws.com",
                            "health_check.#": "1",
                            "health_check.0.healthy_threshold": "2",
                            "health_check.0.interval": "30",
                            "health_check.0.target": "HTTP:8080/",
                            "health_check.0.timeout": "3",
                            "health_check.0.unhealthy_threshold": "2",
                            "id": "tfawsdemo1",
                            "idle_timeout": "60",
                            "instances.#": "0",
                            "internal": "false",
                            "listener.#": "1",
                            "listener.1092403652.instance_port": "8080",
                            "listener.1092403652.instance_protocol": "http",
                            "listener.1092403652.lb_port": "8080",
                            "listener.1092403652.lb_protocol": "http",
                            "listener.1092403652.ssl_certificate_id": "",
                            "name": "tfawsdemo1",
                            "security_groups.#": "1",
                            "security_groups.2516043719": "sg-054e45ef5e5979731",
                            "source_security_group": "551474419440/tf_aws_demo_1",
                            "source_security_group_id": "sg-054e45ef5e5979731",
                            "subnets.#": "3",
                            "subnets.2357903161": "subnet-cc1d68b6",
                            "subnets.2680623195": "subnet-7d01dc31",
                            "subnets.3580057656": "subnet-7292ae1a",
                            "tags.%": "0",
                            "zone_id": "Z3AADJGX6KTTL2"
                        },
                        "meta": {},
                        "tainted": false
                    },
                    "deposed": [],
                    "provider": "provider.aws"
                },
                "aws_key_pair.tf_aws_demo_1": {
                    "type": "aws_key_pair",
                    "depends_on": [],
                    "primary": {
                        "id": "tf_aws_demo_1",
                        "attributes": {
                            "fingerprint": "4a:98:ed:7b:ce:00:df:96:cc:0c:2e:8c:d6:2e:a2:fd",
                            "id": "tf_aws_demo_1",
                            "key_name": "tf_aws_demo_1",
                            "public_key": "ssh-rsa AAAAB3NzaC1yc2EAAAADAQABAAABAQC2bmr+Y+fDbDJ5oV7hZDG3wUM0ftpbNSvz5BlBNJYUy8LF5wiUDdlG1Ht/zk5A0CoFHB6lXOsOUrlApsHA4/lseKq9Xs8z2Vv4XIYhfn2FUUxIXnXqmQBUqHo3PHaDFJ0GJnhHu4yPFVFRrGnnlzGdneChcHpuxky7AD8lFYc4zELQdmKYTToB+rbgrCgcZEZQ8/HcLD95G6Y5U59zQVzPuBXY4QMdO4KP3Pwtg9b1jS5RYxTvb1OfoYW/JDcnNnGpEn9+CnVeZHjCob2WNHGw/3XNZTrGhTN/8iABP6lJYWSJHx0U2pIiRp63lfQXT+ZSWlHu/+d7Rchp0NmyJRlb tf_aws_demo_1_ssh_key"
                        },
                        "meta": {
                            "schema_version": "1"
                        },
                        "tainted": false
                    },
                    "deposed": [],
                    "provider": "provider.aws"
                },
                "aws_launch_configuration.tf_aws_demo_1": {
                    "type": "aws_launch_configuration",
                    "depends_on": [
                        "aws_security_group.tf_aws_demo_1"
                    ],
                    "primary": {
                        "id": "terraform-20190322140929010100000001",
                        "attributes": {
                            "associate_public_ip_address": "false",
                            "ebs_block_device.#": "0",
                            "ebs_optimized": "false",
                            "enable_monitoring": "true",
                            "ephemeral_block_device.#": "0",
                            "iam_instance_profile": "",
                            "id": "terraform-20190322140929010100000001",
                            "image_id": "ami-af122bca",
                            "instance_type": "t2.micro",
                            "key_name": "tf_aws_demo_1",
                            "name": "terraform-20190322140929010100000001",
                            "root_block_device.#": "0",
                            "security_groups.#": "1",
                            "security_groups.2516043719": "sg-054e45ef5e5979731",
                            "spot_price": "",
                            "user_data": "db18290a865686efdff44282430c3d863e474502",
                            "vpc_classic_link_id": "",
                            "vpc_classic_link_security_groups.#": "0"
                        },
                        "meta": {},
                        "tainted": false
                    },
                    "deposed": [],
                    "provider": "provider.aws"
                },
                "aws_security_group.tf_aws_demo_1": {
                    "type": "aws_security_group",
                    "depends_on": [],
                    "primary": {
                        "id": "sg-054e45ef5e5979731",
                        "attributes": {
                            "arn": "arn:aws:ec2:us-east-2:551474419440:security-group/sg-054e45ef5e5979731",
                            "description": "Managed by Terraform",
                            "egress.#": "1",
                            "egress.482069346.cidr_blocks.#": "1",
                            "egress.482069346.cidr_blocks.0": "0.0.0.0/0",
                            "egress.482069346.description": "",
                            "egress.482069346.from_port": "0",
                            "egress.482069346.ipv6_cidr_blocks.#": "0",
                            "egress.482069346.prefix_list_ids.#": "0",
                            "egress.482069346.protocol": "-1",
                            "egress.482069346.security_groups.#": "0",
                            "egress.482069346.self": "false",
                            "egress.482069346.to_port": "0",
                            "id": "sg-054e45ef5e5979731",
                            "ingress.#": "2",
                            "ingress.2541437006.cidr_blocks.#": "1",
                            "ingress.2541437006.cidr_blocks.0": "0.0.0.0/0",
                            "ingress.2541437006.description": "",
                            "ingress.2541437006.from_port": "22",
                            "ingress.2541437006.ipv6_cidr_blocks.#": "0",
                            "ingress.2541437006.prefix_list_ids.#": "0",
                            "ingress.2541437006.protocol": "tcp",
                            "ingress.2541437006.security_groups.#": "0",
                            "ingress.2541437006.self": "false",
                            "ingress.2541437006.to_port": "22",
                            "ingress.516175195.cidr_blocks.#": "1",
                            "ingress.516175195.cidr_blocks.0": "0.0.0.0/0",
                            "ingress.516175195.description": "",
                            "ingress.516175195.from_port": "8080",
                            "ingress.516175195.ipv6_cidr_blocks.#": "0",
                            "ingress.516175195.prefix_list_ids.#": "0",
                            "ingress.516175195.protocol": "tcp",
                            "ingress.516175195.security_groups.#": "0",
                            "ingress.516175195.self": "false",
                            "ingress.516175195.to_port": "8080",
                            "name": "tf_aws_demo_1",
                            "owner_id": "551474419440",
                            "revoke_rules_on_delete": "false",
                            "tags.%": "0",
                            "vpc_id": "vpc-319d8959"
                        },
                        "meta": {
                            "e2bfb730-ecaa-11e6-8f88-34363bc7c4c0": {
                                "create": 600000000000,
                                "delete": 600000000000
                            },
                            "schema_version": "1"
                        },
                        "tainted": false
                    },
                    "deposed": [],
                    "provider": "provider.aws"
                },
                "data.aws_availability_zones.all": {
                    "type": "aws_availability_zones",
                    "depends_on": [],
                    "primary": {
                        "id": "2019-03-22 14:09:16.893197876 +0000 UTC",
                        "attributes": {
                            "id": "2019-03-22 14:09:16.893197876 +0000 UTC",
                            "names.#": "3",
                            "names.0": "us-east-2a",
                            "names.1": "us-east-2b",
                            "names.2": "us-east-2c",
                            "zone_ids.#": "3",
                            "zone_ids.0": "use2-az1",
                            "zone_ids.1": "use2-az2",
                            "zone_ids.2": "use2-az3"
                        },
                        "meta": {},
                        "tainted": false
                    },
                    "deposed": [],
                    "provider": "provider.aws"
                }
            },
            "depends_on": []
        }
    ]
}
